{
    "requires": true,
    "lockfileVersion": 1,
    "dependencies": {
        "laravel-echo": {
            "version": "1.8.0",
            "resolved": "https://registry.npmjs.org/laravel-echo/-/laravel-echo-1.8.0.tgz",
            "integrity": "sha512-hEHmNKUgV3fR2Do/2PKxfO3OiLmbjX89tahGEi4urS8JEuy/yoRtFToOJXV9ChtOpRqxo7trrygPOvXLwvc/6A=="
        },
        "pusher-js": {
            "version": "6.0.3",
            "resolved": "https://registry.npmjs.org/pusher-js/-/pusher-js-6.0.3.tgz",
            "integrity": "sha512-l0MHlrpG+D4R6jj+vjqnJNjawBqKCjQ4Y/YARNsWFbXGKNl77xX8pUpbv55Al+dFHGkc7wI2fDXw/BDLleF9Lg==",
            "requires": {
                "tweetnacl": "^1.0.3"
            }
        },
        "tweetnacl": {
            "version": "1.0.3",
            "resolved": "https://registry.npmjs.org/tweetnacl/-/tweetnacl-1.0.3.tgz",
            "integrity": "sha512-6rt+RN7aOi1nGMyC4Xa5DdYiukl2UWCbcJft7YhxReBGQD7OAM8Pbxw6YMo4r2diNEA8FEmu32YOn9rhaiE5yw=="
        }
    }
}
